
Microsoft Visual Studio Solution File, Format Version 12.00
# Visual Studio Version 17
VisualStudioVersion = 17.11.35327.3
MinimumVisualStudioVersion = 10.0.40219.1
Project("{FAE04EC0-301F-11D3-BF4B-00C04F79EFBC}") = "MvcDemo", "MvcDemo\MvcDemo.csproj", "{73BFED72-9C15-4411-B461-22B2C34295F1}"
EndProject
Project("{FAE04EC0-301F-11D3-BF4B-00C04F79EFBC}") = "MvcDemoEmployee", "MvcDemoEmployee\MvcDemoEmployee.csproj", "{16599CEE-FAAA-4BB1-B45B-76DEA27F4379}"
EndProject
Project("{FAE04EC0-301F-11D3-BF4B-00C04F79EFBC}") = "BusinessLayer", "BusinessLayer\BusinessLayer.csproj", "{9CD07559-49BA-40C3-8439-CBE12DF6FB2D}"
EndProject
Project("{FAE04EC0-301F-11D3-BF4B-00C04F79EFBC}") = "MVcFilterDemo", "MVcFilterDemo\MVcFilterDemo.csproj", "{ABC1A234-96F9-4506-97DC-A64094F3879E}"
EndProject
Project("{FAE04EC0-301F-11D3-BF4B-00C04F79EFBC}") = "MVcErrorCustom", "MVcErrorCustom\MVcErrorCustom.csproj", "{958133D6-A25E-48E4-9550-5CE5193606C5}"
EndProject
Project("{FAE04EC0-301F-11D3-BF4B-00C04F79EFBC}") = "MVcCustomFilter", "MVcCustomFilter\MVcCustomFilter.csproj", "{41FAF100-7F14-47ED-A02A-100C6D6DBA45}"
EndProject
Global
	GlobalSection(SolutionConfigurationPlatforms) = preSolution
		Debug|Any CPU = Debug|Any CPU
		Release|Any CPU = Release|Any CPU
	EndGlobalSection
	GlobalSection(ProjectConfigurationPlatforms) = postSolution
		{73BFED72-9C15-4411-B461-22B2C34295F1}.Debug|Any CPU.ActiveCfg = Debug|Any CPU
		{73BFED72-9C15-4411-B461-22B2C34295F1}.Debug|Any CPU.Build.0 = Debug|Any CPU
		{73BFED72-9C15-4411-B461-22B2C34295F1}.Release|Any CPU.ActiveCfg = Release|Any CPU
		{73BFED72-9C15-4411-B461-22B2C34295F1}.Release|Any CPU.Build.0 = Release|Any CPU
		{16599CEE-FAAA-4BB1-B45B-76DEA27F4379}.Debug|Any CPU.ActiveCfg = Debug|Any CPU
		{16599CEE-FAAA-4BB1-B45B-76DEA27F4379}.Debug|Any CPU.Build.0 = Debug|Any CPU
		{16599CEE-FAAA-4BB1-B45B-76DEA27F4379}.Release|Any CPU.ActiveCfg = Release|Any CPU
		{16599CEE-FAAA-4BB1-B45B-76DEA27F4379}.Release|Any CPU.Build.0 = Release|Any CPU
		{9CD07559-49BA-40C3-8439-CBE12DF6FB2D}.Debug|Any CPU.ActiveCfg = Debug|Any CPU
		{9CD07559-49BA-40C3-8439-CBE12DF6FB2D}.Debug|Any CPU.Build.0 = Debug|Any CPU
		{9CD07559-49BA-40C3-8439-CBE12DF6FB2D}.Release|Any CPU.ActiveCfg = Release|Any CPU
		{9CD07559-49BA-40C3-8439-CBE12DF6FB2D}.Release|Any CPU.Build.0 = Release|Any CPU
		{ABC1A234-96F9-4506-97DC-A64094F3879E}.Debug|Any CPU.ActiveCfg = Debug|Any CPU
		{ABC1A234-96F9-4506-97DC-A64094F3879E}.Debug|Any CPU.Build.0 = Debug|Any CPU
		{ABC1A234-96F9-4506-97DC-A64094F3879E}.Release|Any CPU.ActiveCfg = Release|Any CPU
		{ABC1A234-96F9-4506-97DC-A64094F3879E}.Release|Any CPU.Build.0 = Release|Any CPU
		{958133D6-A25E-48E4-9550-5CE5193606C5}.Debug|Any CPU.ActiveCfg = Debug|Any CPU
		{958133D6-A25E-48E4-9550-5CE5193606C5}.Debug|Any CPU.Build.0 = Debug|Any CPU
		{958133D6-A25E-48E4-9550-5CE5193606C5}.Release|Any CPU.ActiveCfg = Release|Any CPU
		{958133D6-A25E-48E4-9550-5CE5193606C5}.Release|Any CPU.Build.0 = Release|Any CPU
		{41FAF100-7F14-47ED-A02A-100C6D6DBA45}.Debug|Any CPU.ActiveCfg = Debug|Any CPU
		{41FAF100-7F14-47ED-A02A-100C6D6DBA45}.Debug|Any CPU.Build.0 = Debug|Any CPU
		{41FAF100-7F14-47ED-A02A-100C6D6DBA45}.Release|Any CPU.ActiveCfg = Release|Any CPU
		{41FAF100-7F14-47ED-A02A-100C6D6DBA45}.Release|Any CPU.Build.0 = Release|Any CPU
	EndGlobalSection
	GlobalSection(SolutionProperties) = preSolution
		HideSolutionNode = FALSE
	EndGlobalSection
	GlobalSection(ExtensibilityGlobals) = postSolution
		SolutionGuid = {07DDC332-3BBC-49CC-92C7-B0130BC40B15}
	EndGlobalSection
EndGlobal
